
Microsoft Visual Studio Solution File, Format Version 12.00
# Visual Studio 15
VisualStudioVersion = 15.0.28307.539
MinimumVisualStudioVersion = 10.0.40219.1
Project("{9A19103F-16F7-4668-BE54-9A1E7A4F7556}") = "Engineer.Api", "EngineerAPI\Engineer.Api.csproj", "{46FB119F-5B8B-4360-89C0-C5519D7E6569}"
EndProject
Project("{9A19103F-16F7-4668-BE54-9A1E7A4F7556}") = "Engineer.Domain", "Engineer.Domain\Engineer.Domain.csproj", "{CADC52BB-40F7-4010-A3A1-23FB79F67E57}"
EndProject
Project("{9A19103F-16F7-4668-BE54-9A1E7A4F7556}") = "Engineer.Application", "Engineer.Application\Engineer.Application.csproj", "{C93E4796-7159-4DF0-B045-54970AC393D7}"
EndProject
Project("{9A19103F-16F7-4668-BE54-9A1E7A4F7556}") = "Engineer.Persistence", "Engineer.Persistence\Engineer.Persistence.csproj", "{935C979F-2715-47ED-B43E-29EB0A3DB01A}"
EndProject
Project("{FAE04EC0-301F-11D3-BF4B-00C04F79EFBC}") = "Engineer.Mapping", "Engineer.Mappings\Engineer.Mapping.csproj", "{0396C4D4-F007-4288-BB7E-D0CEF54AF956}"
EndProject
Global
	GlobalSection(SolutionConfigurationPlatforms) = preSolution
		Debug|Any CPU = Debug|Any CPU
		Release|Any CPU = Release|Any CPU
	EndGlobalSection
	GlobalSection(ProjectConfigurationPlatforms) = postSolution
		{46FB119F-5B8B-4360-89C0-C5519D7E6569}.Debug|Any CPU.ActiveCfg = Debug|Any CPU
		{46FB119F-5B8B-4360-89C0-C5519D7E6569}.Debug|Any CPU.Build.0 = Debug|Any CPU
		{46FB119F-5B8B-4360-89C0-C5519D7E6569}.Release|Any CPU.ActiveCfg = Release|Any CPU
		{46FB119F-5B8B-4360-89C0-C5519D7E6569}.Release|Any CPU.Build.0 = Release|Any CPU
		{CADC52BB-40F7-4010-A3A1-23FB79F67E57}.Debug|Any CPU.ActiveCfg = Debug|Any CPU
		{CADC52BB-40F7-4010-A3A1-23FB79F67E57}.Debug|Any CPU.Build.0 = Debug|Any CPU
		{CADC52BB-40F7-4010-A3A1-23FB79F67E57}.Release|Any CPU.ActiveCfg = Release|Any CPU
		{CADC52BB-40F7-4010-A3A1-23FB79F67E57}.Release|Any CPU.Build.0 = Release|Any CPU
		{C93E4796-7159-4DF0-B045-54970AC393D7}.Debug|Any CPU.ActiveCfg = Debug|Any CPU
		{C93E4796-7159-4DF0-B045-54970AC393D7}.Debug|Any CPU.Build.0 = Debug|Any CPU
		{C93E4796-7159-4DF0-B045-54970AC393D7}.Release|Any CPU.ActiveCfg = Release|Any CPU
		{C93E4796-7159-4DF0-B045-54970AC393D7}.Release|Any CPU.Build.0 = Release|Any CPU
		{935C979F-2715-47ED-B43E-29EB0A3DB01A}.Debug|Any CPU.ActiveCfg = Debug|Any CPU
		{935C979F-2715-47ED-B43E-29EB0A3DB01A}.Debug|Any CPU.Build.0 = Debug|Any CPU
		{935C979F-2715-47ED-B43E-29EB0A3DB01A}.Release|Any CPU.ActiveCfg = Release|Any CPU
		{935C979F-2715-47ED-B43E-29EB0A3DB01A}.Release|Any CPU.Build.0 = Release|Any CPU
		{0396C4D4-F007-4288-BB7E-D0CEF54AF956}.Debug|Any CPU.ActiveCfg = Debug|Any CPU
		{0396C4D4-F007-4288-BB7E-D0CEF54AF956}.Debug|Any CPU.Build.0 = Debug|Any CPU
		{0396C4D4-F007-4288-BB7E-D0CEF54AF956}.Release|Any CPU.ActiveCfg = Release|Any CPU
		{0396C4D4-F007-4288-BB7E-D0CEF54AF956}.Release|Any CPU.Build.0 = Release|Any CPU
	EndGlobalSection
	GlobalSection(SolutionProperties) = preSolution
		HideSolutionNode = FALSE
	EndGlobalSection
	GlobalSection(ExtensibilityGlobals) = postSolution
		SolutionGuid = {5AD1ED91-DBDB-4116-9F02-7869169384D7}
	EndGlobalSection
EndGlobal
